
Microsoft Visual Studio Solution File, Format Version 12.00
# Visual Studio 15
VisualStudioVersion = 15.0.27130.2024
MinimumVisualStudioVersion = 10.0.40219.1
Project("{FAE04EC0-301F-11D3-BF4B-00C04F79EFBC}") = "SZWMar2018.Core", "SZWMar2018.Core\SZWMar2018.Core.csproj", "{A37FF350-BB42-4CA5-8BB9-8AC994F55250}"
EndProject
Project("{FAE04EC0-301F-11D3-BF4B-00C04F79EFBC}") = "SZWMar2018.Droid", "SZWMar2018.Droid\SZWMar2018.Droid.csproj", "{F042E5C3-DE62-47FF-8C13-7C4C6520B361}"
EndProject
Global
	GlobalSection(SolutionConfigurationPlatforms) = preSolution
		Debug|Any CPU = Debug|Any CPU
		Release|Any CPU = Release|Any CPU
	EndGlobalSection
	GlobalSection(ProjectConfigurationPlatforms) = postSolution
		{A37FF350-BB42-4CA5-8BB9-8AC994F55250}.Debug|Any CPU.ActiveCfg = Debug|Any CPU
		{A37FF350-BB42-4CA5-8BB9-8AC994F55250}.Debug|Any CPU.Build.0 = Debug|Any CPU
		{A37FF350-BB42-4CA5-8BB9-8AC994F55250}.Release|Any CPU.ActiveCfg = Release|Any CPU
		{A37FF350-BB42-4CA5-8BB9-8AC994F55250}.Release|Any CPU.Build.0 = Release|Any CPU
		{F042E5C3-DE62-47FF-8C13-7C4C6520B361}.Debug|Any CPU.ActiveCfg = Debug|Any CPU
		{F042E5C3-DE62-47FF-8C13-7C4C6520B361}.Debug|Any CPU.Build.0 = Debug|Any CPU
		{F042E5C3-DE62-47FF-8C13-7C4C6520B361}.Debug|Any CPU.Deploy.0 = Debug|Any CPU
		{F042E5C3-DE62-47FF-8C13-7C4C6520B361}.Release|Any CPU.ActiveCfg = Release|Any CPU
		{F042E5C3-DE62-47FF-8C13-7C4C6520B361}.Release|Any CPU.Build.0 = Release|Any CPU
		{F042E5C3-DE62-47FF-8C13-7C4C6520B361}.Release|Any CPU.Deploy.0 = Release|Any CPU
	EndGlobalSection
	GlobalSection(SolutionProperties) = preSolution
		HideSolutionNode = FALSE
	EndGlobalSection
	GlobalSection(ExtensibilityGlobals) = postSolution
		SolutionGuid = {C801AA05-06C9-4C3B-80BA-D9ADCFDFC76B}
	EndGlobalSection
EndGlobal
